# This file is automatically @generated by Poetry and should not be changed by hand.

[[package]]
name = "pypdf"
version = "3.5.2"
description = "A pure-python PDF library capable of splitting, merging, cropping, and transforming PDF files"
category = "main"
optional = false
python-versions = ">=3.6"
files = [
    {file = "pypdf-3.5.2-py3-none-any.whl", hash = "sha256:e326d699f42fd163ddbb2fdd9978aa1ba2b610aeb4c07bb6935eda5cdd87ae89"},
    {file = "pypdf-3.5.2.tar.gz", hash = "sha256:49e0598c417107dde904daf6a62ce731991f51ce98c55d808ac7b3e952904e6d"},
]

[package.extras]
crypto = ["PyCryptodome"]
dev = ["black", "flit", "pip-tools", "pre-commit (<2.18.0)", "pytest-cov", "wheel"]
docs = ["myst_parser", "sphinx", "sphinx_rtd_theme"]
full = ["Pillow", "PyCryptodome"]
image = ["Pillow"]

[metadata]
lock-version = "2.0"
python-versions = "^3.10"
content-hash = "d1034627c77639055bdf16868024e8c32f72ec3bf180d341822409e9ea9d0a9e"
